// !$*UTF8*$!
{
	archiveVersion = 1;
	classes = {
	};
	objectVersion = 46;
	objects = {

/* Begin PBXBuildFile section */
		3D43C8FC1D0858ED000383D0 /* main.cpp in Sources */ = {isa = PBXBuildFile; fileRef = 3D43C8FB1D0858ED000383D0 /* main.cpp */; };
		3D43C9041D08595B000383D0 /* Apartment.cpp in Sources */ = {isa = PBXBuildFile; fileRef = 3D43C9031D08595B000383D0 /* Apartment.cpp */; };
		3D43C9071D0A146C000383D0 /* MtmTst.cpp in Sources */ = {isa = PBXBuildFile; fileRef = 3D43C9051D0A146C000383D0 /* MtmTst.cpp */; };
/* End PBXBuildFile section */

/* Begin PBXCopyFilesBuildPhase section */
		3D43C8F61D0858ED000383D0 /* CopyFiles */ = {
			isa = PBXCopyFilesBuildPhase;
			buildActionMask = 2147483647;
			dstPath = /usr/share/man/man1/;
			dstSubfolderSpec = 0;
			files = (
			);
			runOnlyForDeploymentPostprocessing = 1;
		};
/* End PBXCopyFilesBuildPhase section */

/* Begin PBXFileReference section */
		3D43C8F81D0858ED000383D0 /* Matam 4 */ = {isa = PBXFileReference; explicitFileType = "compiled.mach-o.executable"; includeInIndex = 0; path = "Matam 4"; sourceTree = BUILT_PRODUCTS_DIR; };
		3D43C8FB1D0858ED000383D0 /* main.cpp */ = {isa = PBXFileReference; lastKnownFileType = sourcecode.cpp.cpp; path = main.cpp; sourceTree = "<group>"; };
		3D43C9021D085952000383D0 /* Apartment.h */ = {isa = PBXFileReference; fileEncoding = 4; lastKnownFileType = sourcecode.c.h; path = Apartment.h; sourceTree = "<group>"; };
		3D43C9031D08595B000383D0 /* Apartment.cpp */ = {isa = PBXFileReference; fileEncoding = 4; lastKnownFileType = sourcecode.cpp.cpp; path = Apartment.cpp; sourceTree = "<group>"; };
		3D43C9051D0A146C000383D0 /* MtmTst.cpp */ = {isa = PBXFileReference; fileEncoding = 4; lastKnownFileType = sourcecode.cpp.cpp; path = MtmTst.cpp; sourceTree = "<group>"; };
		3D43C9061D0A146C000383D0 /* MtmTst.h */ = {isa = PBXFileReference; fileEncoding = 4; lastKnownFileType = sourcecode.c.h; path = MtmTst.h; sourceTree = "<group>"; };
/* End PBXFileReference section */

/* Begin PBXFrameworksBuildPhase section */
		3D43C8F51D0858ED000383D0 /* Frameworks */ = {
			isa = PBXFrameworksBuildPhase;
			buildActionMask = 2147483647;
			files = (
			);
			runOnlyForDeploymentPostprocessing = 0;
		};
/* End PBXFrameworksBuildPhase section */

/* Begin PBXGroup section */
		3D43C8EF1D0858ED000383D0 = {
			isa = PBXGroup;
			children = (
				3D43C8FA1D0858ED000383D0 /* Matam 4 */,
				3D43C8F91D0858ED000383D0 /* Products */,
			);
			sourceTree = "<group>";
		};
		3D43C8F91D0858ED000383D0 /* Products */ = {
			isa = PBXGroup;
			children = (
				3D43C8F81D0858ED000383D0 /* Matam 4 */,
			);
			name = Products;
			sourceTree = "<group>";
		};
		3D43C8FA1D0858ED000383D0 /* Matam 4 */ = {
			isa = PBXGroup;
			children = (
				3D43C8FB1D0858ED000383D0 /* main.cpp */,
				3D43C9021D085952000383D0 /* Apartment.h */,
				3D43C9031D08595B000383D0 /* Apartment.cpp */,
				3D43C9051D0A146C000383D0 /* MtmTst.cpp */,
				3D43C9061D0A146C000383D0 /* MtmTst.h */,
			);
			path = "Matam 4";
			sourceTree = "<group>";
		};
/* End PBXGroup section */

/* Begin PBXNativeTarget section */
		3D43C8F71D0858ED000383D0 /* Matam 4 */ = {
			isa = PBXNativeTarget;
			buildConfigurationList = 3D43C8FF1D0858ED000383D0 /* Build configuration list for PBXNativeTarget "Matam 4" */;
			buildPhases = (
				3D43C8F41D0858ED000383D0 /* Sources */,
				3D43C8F51D0858ED000383D0 /* Frameworks */,
				3D43C8F61D0858ED000383D0 /* CopyFiles */,
			);
			buildRules = (
			);
			dependencies = (
			);
			name = "Matam 4";
			productName = "Matam 4";
			productReference = 3D43C8F81D0858ED000383D0 /* Matam 4 */;
			productType = "com.apple.product-type.tool";
		};
/* End PBXNativeTarget section */

/* Begin PBXProject section */
		3D43C8F01D0858ED000383D0 /* Project object */ = {
			isa = PBXProject;
			attributes = {
				LastUpgradeCheck = 0730;
				ORGANIZATIONNAME = "Dean Leitersdorf";
				TargetAttributes = {
					3D43C8F71D0858ED000383D0 = {
						CreatedOnToolsVersion = 7.3.1;
					};
				};
			};
			buildConfigurationList = 3D43C8F31D0858ED000383D0 /* Build configuration list for PBXProject "Matam 4" */;
			compatibilityVersion = "Xcode 3.2";
			developmentRegion = English;
			hasScannedForEncodings = 0;
			knownRegions = (
				en,
			);
			mainGroup = 3D43C8EF1D0858ED000383D0;
			productRefGroup = 3D43C8F91D0858ED000383D0 /* Products */;
			projectDirPath = "";
			projectRoot = "";
			targets = (
				3D43C8F71D0858ED000383D0 /* Matam 4 */,
			);
		};
/* End PBXProject section */

/* Begin PBXSourcesBuildPhase section */
		3D43C8F41D0858ED000383D0 /* Sources */ = {
			isa = PBXSourcesBuildPhase;
			buildActionMask = 2147483647;
			files = (
				3D43C9041D08595B000383D0 /* Apartment.cpp in Sources */,
				3D43C9071D0A146C000383D0 /* MtmTst.cpp in Sources */,
				3D43C8FC1D0858ED000383D0 /* main.cpp in Sources */,
			);
			runOnlyForDeploymentPostprocessing = 0;
		};
/* End PBXSourcesBuildPhase section */

/* Begin XCBuildConfiguration section */
		3D43C8FD1D0858ED000383D0 /* Debug */ = {
			isa = XCBuildConfiguration;
			buildSettings = {
				ALWAYS_SEARCH_USER_PATHS = NO;
				CLANG_ANALYZER_NONNULL = YES;
				CLANG_CXX_LANGUAGE_STANDARD = "gnu++0x";
				CLANG_CXX_LIBRARY = "libc++";
				CLANG_ENABLE_MODULES = YES;
				CLANG_ENABLE_OBJC_ARC = YES;
				CLANG_WARN_BOOL_CONVERSION = YES;
				CLANG_WARN_CONSTANT_CONVERSION = YES;
				CLANG_WARN_DIRECT_OBJC_ISA_USAGE = YES_ERROR;
				CLANG_WARN_EMPTY_BODY = YES;
				CLANG_WARN_ENUM_CONVERSION = YES;
				CLANG_WARN_INT_CONVERSION = YES;
				CLANG_WARN_OBJC_ROOT_CLASS = YES_ERROR;
				CLANG_WARN_UNREACHABLE_CODE = YES;
				CLANG_WARN__DUPLICATE_METHOD_MATCH = YES;
				CODE_SIGN_IDENTITY = "-";
				COPY_PHASE_STRIP = NO;
				DEBUG_INFORMATION_FORMAT = dwarf;
				ENABLE_STRICT_OBJC_MSGSEND = YES;
				ENABLE_TESTABILITY = YES;
				GCC_C_LANGUAGE_STANDARD = gnu99;
				GCC_DYNAMIC_NO_PIC = NO;
				GCC_NO_COMMON_BLOCKS = YES;
				GCC_OPTIMIZATION_LEVEL = 0;
				GCC_PREPROCESSOR_DEFINITIONS = (
					"DEBUG=1",
					"$(inherited)",
				);
				GCC_WARN_64_TO_32_BIT_CONVERSION = YES;
				GCC_WARN_ABOUT_RETURN_TYPE = YES_ERROR;
				GCC_WARN_UNDECLARED_SELECTOR = YES;
				GCC_WARN_UNINITIALIZED_AUTOS = YES_AGGRESSIVE;
				GCC_WARN_UNUSED_FUNCTION = YES;
				GCC_WARN_UNUSED_VARIABLE = YES;
				MACOSX_DEPLOYMENT_TARGET = 10.11;
				MTL_ENABLE_DEBUG_INFO = YES;
				ONLY_ACTIVE_ARCH = YES;
				SDKROOT = macosx;
			};
			name = Debug;
		};
		3D43C8FE1D0858ED000383D0 /* Release */ = {
			isa = XCBuildConfiguration;
			buildSettings = {
				ALWAYS_SEARCH_USER_PATHS = NO;
				CLANG_ANALYZER_NONNULL = YES;
				CLANG_CXX_LANGUAGE_STANDARD = "gnu++0x";
				CLANG_CXX_LIBRARY = "libc++";
				CLANG_ENABLE_MODULES = YES;
				CLANG_ENABLE_OBJC_ARC = YES;
				CLANG_WARN_BOOL_CONVERSION = YES;
				CLANG_WARN_CONSTANT_CONVERSION = YES;
				CLANG_WARN_DIRECT_OBJC_ISA_USAGE = YES_ERROR;
				CLANG_WARN_EMPTY_BODY = YES;
				CLANG_WARN_ENUM_CONVERSION = YES;
				CLANG_WARN_INT_CONVERSION = YES;
				CLANG_WARN_OBJC_ROOT_CLASS = YES_ERROR;
				CLANG_WARN_UNREACHABLE_CODE = YES;
				CLANG_WARN__DUPLICATE_METHOD_MATCH = YES;
				CODE_SIGN_IDENTITY = "-";
				COPY_PHASE_STRIP = NO;
				DEBUG_INFORMATION_FORMAT = "dwarf-with-dsym";
				ENABLE_NS_ASSERTIONS = NO;
				ENABLE_STRICT_OBJC_MSGSEND = YES;
				GCC_C_LANGUAGE_STANDARD = gnu99;
				GCC_NO_COMMON_BLOCKS = YES;
				GCC_WARN_64_TO_32_BIT_CONVERSION = YES;
				GCC_WARN_ABOUT_RETURN_TYPE = YES_ERROR;
				GCC_WARN_UNDECLARED_SELECTOR = YES;
				GCC_WARN_UNINITIALIZED_AUTOS = YES_AGGRESSIVE;
				GCC_WARN_UNUSED_FUNCTION = YES;
				GCC_WARN_UNUSED_VARIABLE = YES;
				MACOSX_DEPLOYMENT_TARGET = 10.11;
				MTL_ENABLE_DEBUG_INFO = NO;
				SDKROOT = macosx;
			};
			name = Release;
		};
		3D43C9001D0858ED000383D0 /* Debug */ = {
			isa = XCBuildConfiguration;
			buildSettings = {
				PRODUCT_NAME = "$(TARGET_NAME)";
			};
			name = Debug;
		};
		3D43C9011D0858ED000383D0 /* Release */ = {
			isa = XCBuildConfiguration;
			buildSettings = {
				PRODUCT_NAME = "$(TARGET_NAME)";
			};
			name = Release;
		};
/* End XCBuildConfiguration section */

/* Begin XCConfigurationList section */
		3D43C8F31D0858ED000383D0 /* Build configuration list for PBXProject "Matam 4" */ = {
			isa = XCConfigurationList;
			buildConfigurations = (
				3D43C8FD1D0858ED000383D0 /* Debug */,
				3D43C8FE1D0858ED000383D0 /* Release */,
			);
			defaultConfigurationIsVisible = 0;
			defaultConfigurationName = Release;
		};
		3D43C8FF1D0858ED000383D0 /* Build configuration list for PBXNativeTarget "Matam 4" */ = {
			isa = XCConfigurationList;
			buildConfigurations = (
				3D43C9001D0858ED000383D0 /* Debug */,
				3D43C9011D0858ED000383D0 /* Release */,
			);
			defaultConfigurationIsVisible = 0;
		};
/* End XCConfigurationList section */
	};
	rootObject = 3D43C8F01D0858ED000383D0 /* Project object */;
}
